
Microsoft Visual Studio Solution File, Format Version 12.00
# Visual Studio Version 17
VisualStudioVersion = 17.9.34728.123
MinimumVisualStudioVersion = 10.0.40219.1
Project("{FAE04EC0-301F-11D3-BF4B-00C04F79EFBC}") = "FormsSweeper", "FormsSweeper.csproj", "{74BEFA1B-0900-4979-9765-46F7FFDD791E}"
EndProject
Global
	GlobalSection(SolutionConfigurationPlatforms) = preSolution
		Debug|Any CPU = Debug|Any CPU
		Release|Any CPU = Release|Any CPU
	EndGlobalSection
	GlobalSection(ProjectConfigurationPlatforms) = postSolution
		{74BEFA1B-0900-4979-9765-46F7FFDD791E}.Debug|Any CPU.ActiveCfg = Debug|Any CPU
		{74BEFA1B-0900-4979-9765-46F7FFDD791E}.Debug|Any CPU.Build.0 = Debug|Any CPU
		{74BEFA1B-0900-4979-9765-46F7FFDD791E}.Release|Any CPU.ActiveCfg = Release|Any CPU
		{74BEFA1B-0900-4979-9765-46F7FFDD791E}.Release|Any CPU.Build.0 = Release|Any CPU
	EndGlobalSection
	GlobalSection(SolutionProperties) = preSolution
		HideSolutionNode = FALSE
	EndGlobalSection
	GlobalSection(ExtensibilityGlobals) = postSolution
		SolutionGuid = {53BD47C6-23AC-4C64-A3B8-9F895CA06C7F}
	EndGlobalSection
EndGlobal
